
Microsoft Visual Studio Solution File, Format Version 12.00
# Visual Studio Version 17
VisualStudioVersion = 17.8.34212.112
MinimumVisualStudioVersion = 10.0.40219.1
Project("{FAE04EC0-301F-11D3-BF4B-00C04F79EFBC}") = "LogRegister", "LogRegister.csproj", "{D9C51040-A3C1-494D-85CB-25F963B225A8}"
EndProject
Global
	GlobalSection(SolutionConfigurationPlatforms) = preSolution
		Debug|Any CPU = Debug|Any CPU
		Release|Any CPU = Release|Any CPU
	EndGlobalSection
	GlobalSection(ProjectConfigurationPlatforms) = postSolution
		{D9C51040-A3C1-494D-85CB-25F963B225A8}.Debug|Any CPU.ActiveCfg = Debug|Any CPU
		{D9C51040-A3C1-494D-85CB-25F963B225A8}.Debug|Any CPU.Build.0 = Debug|Any CPU
		{D9C51040-A3C1-494D-85CB-25F963B225A8}.Release|Any CPU.ActiveCfg = Release|Any CPU
		{D9C51040-A3C1-494D-85CB-25F963B225A8}.Release|Any CPU.Build.0 = Release|Any CPU
	EndGlobalSection
	GlobalSection(SolutionProperties) = preSolution
		HideSolutionNode = FALSE
	EndGlobalSection
	GlobalSection(ExtensibilityGlobals) = postSolution
		SolutionGuid = {41244DCC-784F-4225-BD2B-4B1A0B8F29E1}
	EndGlobalSection
EndGlobal
